// !$*UTF8*$!
{
	archiveVersion = 1;
	classes = {
	};
	objectVersion = 50;
	objects = {

/* Begin PBXBuildFile section */
		972B807727BC514000552659 /* AppDelegate.swift in Sources */ = {isa = PBXBuildFile; fileRef = 972B807627BC514000552659 /* AppDelegate.swift */; };
		972B807927BC514000552659 /* SceneDelegate.swift in Sources */ = {isa = PBXBuildFile; fileRef = 972B807827BC514000552659 /* SceneDelegate.swift */; };
		972B807B27BC514000552659 /* ViewController.swift in Sources */ = {isa = PBXBuildFile; fileRef = 972B807A27BC514000552659 /* ViewController.swift */; };
		972B807E27BC514000552659 /* Main.storyboard in Resources */ = {isa = PBXBuildFile; fileRef = 972B807C27BC514000552659 /* Main.storyboard */; };
		972B808027BC514200552659 /* Assets.xcassets in Resources */ = {isa = PBXBuildFile; fileRef = 972B807F27BC514200552659 /* Assets.xcassets */; };
		972B808327BC514200552659 /* LaunchScreen.storyboard in Resources */ = {isa = PBXBuildFile; fileRef = 972B808127BC514200552659 /* LaunchScreen.storyboard */; };
		972B808E27BC514200552659 /* Days28_DZ_tableTests.swift in Sources */ = {isa = PBXBuildFile; fileRef = 972B808D27BC514200552659 /* Days28_DZ_tableTests.swift */; };
		972B809927BC514200552659 /* Days28_DZ_tableUITests.swift in Sources */ = {isa = PBXBuildFile; fileRef = 972B809827BC514200552659 /* Days28_DZ_tableUITests.swift */; };
/* End PBXBuildFile section */

/* Begin PBXContainerItemProxy section */
		972B808A27BC514200552659 /* PBXContainerItemProxy */ = {
			isa = PBXContainerItemProxy;
			containerPortal = 972B806B27BC514000552659 /* Project object */;
			proxyType = 1;
			remoteGlobalIDString = 972B807227BC514000552659;
			remoteInfo = Days28_DZ_table;
		};
		972B809527BC514200552659 /* PBXContainerItemProxy */ = {
			isa = PBXContainerItemProxy;
			containerPortal = 972B806B27BC514000552659 /* Project object */;
			proxyType = 1;
			remoteGlobalIDString = 972B807227BC514000552659;
			remoteInfo = Days28_DZ_table;
		};
/* End PBXContainerItemProxy section */

/* Begin PBXFileReference section */
		972B807327BC514000552659 /* Days28_DZ_table.app */ = {isa = PBXFileReference; explicitFileType = wrapper.application; includeInIndex = 0; path = Days28_DZ_table.app; sourceTree = BUILT_PRODUCTS_DIR; };
		972B807627BC514000552659 /* AppDelegate.swift */ = {isa = PBXFileReference; lastKnownFileType = sourcecode.swift; path = AppDelegate.swift; sourceTree = "<group>"; };
		972B807827BC514000552659 /* SceneDelegate.swift */ = {isa = PBXFileReference; lastKnownFileType = sourcecode.swift; path = SceneDelegate.swift; sourceTree = "<group>"; };
		972B807A27BC514000552659 /* ViewController.swift */ = {isa = PBXFileReference; lastKnownFileType = sourcecode.swift; path = ViewController.swift; sourceTree = "<group>"; };
		972B807D27BC514000552659 /* Base */ = {isa = PBXFileReference; lastKnownFileType = file.storyboard; name = Base; path = Base.lproj/Main.storyboard; sourceTree = "<group>"; };
		972B807F27BC514200552659 /* Assets.xcassets */ = {isa = PBXFileReference; lastKnownFileType = folder.assetcatalog; path = Assets.xcassets; sourceTree = "<group>"; };
		972B808227BC514200552659 /* Base */ = {isa = PBXFileReference; lastKnownFileType = file.storyboard; name = Base; path = Base.lproj/LaunchScreen.storyboard; sourceTree = "<group>"; };
		972B808427BC514200552659 /* Info.plist */ = {isa = PBXFileReference; lastKnownFileType = text.plist.xml; path = Info.plist; sourceTree = "<group>"; };
		972B808927BC514200552659 /* Days28_DZ_tableTests.xctest */ = {isa = PBXFileReference; explicitFileType = wrapper.cfbundle; includeInIndex = 0; path = Days28_DZ_tableTests.xctest; sourceTree = BUILT_PRODUCTS_DIR; };
		972B808D27BC514200552659 /* Days28_DZ_tableTests.swift */ = {isa = PBXFileReference; lastKnownFileType = sourcecode.swift; path = Days28_DZ_tableTests.swift; sourceTree = "<group>"; };
		972B808F27BC514200552659 /* Info.plist */ = {isa = PBXFileReference; lastKnownFileType = text.plist.xml; path = Info.plist; sourceTree = "<group>"; };
		972B809427BC514200552659 /* Days28_DZ_tableUITests.xctest */ = {isa = PBXFileReference; explicitFileType = wrapper.cfbundle; includeInIndex = 0; path = Days28_DZ_tableUITests.xctest; sourceTree = BUILT_PRODUCTS_DIR; };
		972B809827BC514200552659 /* Days28_DZ_tableUITests.swift */ = {isa = PBXFileReference; lastKnownFileType = sourcecode.swift; path = Days28_DZ_tableUITests.swift; sourceTree = "<group>"; };
		972B809A27BC514200552659 /* Info.plist */ = {isa = PBXFileReference; lastKnownFileType = text.plist.xml; path = Info.plist; sourceTree = "<group>"; };
/* End PBXFileReference section */

/* Begin PBXFrameworksBuildPhase section */
		972B807027BC514000552659 /* Frameworks */ = {
			isa = PBXFrameworksBuildPhase;
			buildActionMask = 2147483647;
			files = (
			);
			runOnlyForDeploymentPostprocessing = 0;
		};
		972B808627BC514200552659 /* Frameworks */ = {
			isa = PBXFrameworksBuildPhase;
			buildActionMask = 2147483647;
			files = (
			);
			runOnlyForDeploymentPostprocessing = 0;
		};
		972B809127BC514200552659 /* Frameworks */ = {
			isa = PBXFrameworksBuildPhase;
			buildActionMask = 2147483647;
			files = (
			);
			runOnlyForDeploymentPostprocessing = 0;
		};
/* End PBXFrameworksBuildPhase section */

/* Begin PBXGroup section */
		972B806A27BC514000552659 = {
			isa = PBXGroup;
			children = (
				972B807527BC514000552659 /* Days28_DZ_table */,
				972B808C27BC514200552659 /* Days28_DZ_tableTests */,
				972B809727BC514200552659 /* Days28_DZ_tableUITests */,
				972B807427BC514000552659 /* Products */,
			);
			sourceTree = "<group>";
		};
		972B807427BC514000552659 /* Products */ = {
			isa = PBXGroup;
			children = (
				972B807327BC514000552659 /* Days28_DZ_table.app */,
				972B808927BC514200552659 /* Days28_DZ_tableTests.xctest */,
				972B809427BC514200552659 /* Days28_DZ_tableUITests.xctest */,
			);
			name = Products;
			sourceTree = "<group>";
		};
		972B807527BC514000552659 /* Days28_DZ_table */ = {
			isa = PBXGroup;
			children = (
				972B807627BC514000552659 /* AppDelegate.swift */,
				972B807827BC514000552659 /* SceneDelegate.swift */,
				972B807A27BC514000552659 /* ViewController.swift */,
				972B807C27BC514000552659 /* Main.storyboard */,
				972B807F27BC514200552659 /* Assets.xcassets */,
				972B808127BC514200552659 /* LaunchScreen.storyboard */,
				972B808427BC514200552659 /* Info.plist */,
			);
			path = Days28_DZ_table;
			sourceTree = "<group>";
		};
		972B808C27BC514200552659 /* Days28_DZ_tableTests */ = {
			isa = PBXGroup;
			children = (
				972B808D27BC514200552659 /* Days28_DZ_tableTests.swift */,
				972B808F27BC514200552659 /* Info.plist */,
			);
			path = Days28_DZ_tableTests;
			sourceTree = "<group>";
		};
		972B809727BC514200552659 /* Days28_DZ_tableUITests */ = {
			isa = PBXGroup;
			children = (
				972B809827BC514200552659 /* Days28_DZ_tableUITests.swift */,
				972B809A27BC514200552659 /* Info.plist */,
			);
			path = Days28_DZ_tableUITests;
			sourceTree = "<group>";
		};
/* End PBXGroup section */

/* Begin PBXNativeTarget section */
		972B807227BC514000552659 /* Days28_DZ_table */ = {
			isa = PBXNativeTarget;
			buildConfigurationList = 972B809D27BC514200552659 /* Build configuration list for PBXNativeTarget "Days28_DZ_table" */;
			buildPhases = (
				972B806F27BC514000552659 /* Sources */,
				972B807027BC514000552659 /* Frameworks */,
				972B807127BC514000552659 /* Resources */,
			);
			buildRules = (
			);
			dependencies = (
			);
			name = Days28_DZ_table;
			productName = Days28_DZ_table;
			productReference = 972B807327BC514000552659 /* Days28_DZ_table.app */;
			productType = "com.apple.product-type.application";
		};
		972B808827BC514200552659 /* Days28_DZ_tableTests */ = {
			isa = PBXNativeTarget;
			buildConfigurationList = 972B80A027BC514200552659 /* Build configuration list for PBXNativeTarget "Days28_DZ_tableTests" */;
			buildPhases = (
				972B808527BC514200552659 /* Sources */,
				972B808627BC514200552659 /* Frameworks */,
				972B808727BC514200552659 /* Resources */,
			);
			buildRules = (
			);
			dependencies = (
				972B808B27BC514200552659 /* PBXTargetDependency */,
			);
			name = Days28_DZ_tableTests;
			productName = Days28_DZ_tableTests;
			productReference = 972B808927BC514200552659 /* Days28_DZ_tableTests.xctest */;
			productType = "com.apple.product-type.bundle.unit-test";
		};
		972B809327BC514200552659 /* Days28_DZ_tableUITests */ = {
			isa = PBXNativeTarget;
			buildConfigurationList = 972B80A327BC514200552659 /* Build configuration list for PBXNativeTarget "Days28_DZ_tableUITests" */;
			buildPhases = (
				972B809027BC514200552659 /* Sources */,
				972B809127BC514200552659 /* Frameworks */,
				972B809227BC514200552659 /* Resources */,
			);
			buildRules = (
			);
			dependencies = (
				972B809627BC514200552659 /* PBXTargetDependency */,
			);
			name = Days28_DZ_tableUITests;
			productName = Days28_DZ_tableUITests;
			productReference = 972B809427BC514200552659 /* Days28_DZ_tableUITests.xctest */;
			productType = "com.apple.product-type.bundle.ui-testing";
		};
/* End PBXNativeTarget section */

/* Begin PBXProject section */
		972B806B27BC514000552659 /* Project object */ = {
			isa = PBXProject;
			attributes = {
				LastSwiftUpdateCheck = 1130;
				LastUpgradeCheck = 1130;
				ORGANIZATIONNAME = "Yuri Kalandarov";
				TargetAttributes = {
					972B807227BC514000552659 = {
						CreatedOnToolsVersion = 11.3.1;
					};
					972B808827BC514200552659 = {
						CreatedOnToolsVersion = 11.3.1;
						TestTargetID = 972B807227BC514000552659;
					};
					972B809327BC514200552659 = {
						CreatedOnToolsVersion = 11.3.1;
						TestTargetID = 972B807227BC514000552659;
					};
				};
			};
			buildConfigurationList = 972B806E27BC514000552659 /* Build configuration list for PBXProject "Days28_DZ_table" */;
			compatibilityVersion = "Xcode 9.3";
			developmentRegion = en;
			hasScannedForEncodings = 0;
			knownRegions = (
				en,
				Base,
			);
			mainGroup = 972B806A27BC514000552659;
			productRefGroup = 972B807427BC514000552659 /* Products */;
			projectDirPath = "";
			projectRoot = "";
			targets = (
				972B807227BC514000552659 /* Days28_DZ_table */,
				972B808827BC514200552659 /* Days28_DZ_tableTests */,
				972B809327BC514200552659 /* Days28_DZ_tableUITests */,
			);
		};
/* End PBXProject section */

/* Begin PBXResourcesBuildPhase section */
		972B807127BC514000552659 /* Resources */ = {
			isa = PBXResourcesBuildPhase;
			buildActionMask = 2147483647;
			files = (
				972B808327BC514200552659 /* LaunchScreen.storyboard in Resources */,
				972B808027BC514200552659 /* Assets.xcassets in Resources */,
				972B807E27BC514000552659 /* Main.storyboard in Resources */,
			);
			runOnlyForDeploymentPostprocessing = 0;
		};
		972B808727BC514200552659 /* Resources */ = {
			isa = PBXResourcesBuildPhase;
			buildActionMask = 2147483647;
			files = (
			);
			runOnlyForDeploymentPostprocessing = 0;
		};
		972B809227BC514200552659 /* Resources */ = {
			isa = PBXResourcesBuildPhase;
			buildActionMask = 2147483647;
			files = (
			);
			runOnlyForDeploymentPostprocessing = 0;
		};
/* End PBXResourcesBuildPhase section */

/* Begin PBXSourcesBuildPhase section */
		972B806F27BC514000552659 /* Sources */ = {
			isa = PBXSourcesBuildPhase;
			buildActionMask = 2147483647;
			files = (
				972B807B27BC514000552659 /* ViewController.swift in Sources */,
				972B807727BC514000552659 /* AppDelegate.swift in Sources */,
				972B807927BC514000552659 /* SceneDelegate.swift in Sources */,
			);
			runOnlyForDeploymentPostprocessing = 0;
		};
		972B808527BC514200552659 /* Sources */ = {
			isa = PBXSourcesBuildPhase;
			buildActionMask = 2147483647;
			files = (
				972B808E27BC514200552659 /* Days28_DZ_tableTests.swift in Sources */,
			);
			runOnlyForDeploymentPostprocessing = 0;
		};
		972B809027BC514200552659 /* Sources */ = {
			isa = PBXSourcesBuildPhase;
			buildActionMask = 2147483647;
			files = (
				972B809927BC514200552659 /* Days28_DZ_tableUITests.swift in Sources */,
			);
			runOnlyForDeploymentPostprocessing = 0;
		};
/* End PBXSourcesBuildPhase section */

/* Begin PBXTargetDependency section */
		972B808B27BC514200552659 /* PBXTargetDependency */ = {
			isa = PBXTargetDependency;
			target = 972B807227BC514000552659 /* Days28_DZ_table */;
			targetProxy = 972B808A27BC514200552659 /* PBXContainerItemProxy */;
		};
		972B809627BC514200552659 /* PBXTargetDependency */ = {
			isa = PBXTargetDependency;
			target = 972B807227BC514000552659 /* Days28_DZ_table */;
			targetProxy = 972B809527BC514200552659 /* PBXContainerItemProxy */;
		};
/* End PBXTargetDependency section */

/* Begin PBXVariantGroup section */
		972B807C27BC514000552659 /* Main.storyboard */ = {
			isa = PBXVariantGroup;
			children = (
				972B807D27BC514000552659 /* Base */,
			);
			name = Main.storyboard;
			sourceTree = "<group>";
		};
		972B808127BC514200552659 /* LaunchScreen.storyboard */ = {
			isa = PBXVariantGroup;
			children = (
				972B808227BC514200552659 /* Base */,
			);
			name = LaunchScreen.storyboard;
			sourceTree = "<group>";
		};
/* End PBXVariantGroup section */

/* Begin XCBuildConfiguration section */
		972B809B27BC514200552659 /* Debug */ = {
			isa = XCBuildConfiguration;
			buildSettings = {
				ALWAYS_SEARCH_USER_PATHS = NO;
				CLANG_ANALYZER_NONNULL = YES;
				CLANG_ANALYZER_NUMBER_OBJECT_CONVERSION = YES_AGGRESSIVE;
				CLANG_CXX_LANGUAGE_STANDARD = "gnu++14";
				CLANG_CXX_LIBRARY = "libc++";
				CLANG_ENABLE_MODULES = YES;
				CLANG_ENABLE_OBJC_ARC = YES;
				CLANG_ENABLE_OBJC_WEAK = YES;
				CLANG_WARN_BLOCK_CAPTURE_AUTORELEASING = YES;
				CLANG_WARN_BOOL_CONVERSION = YES;
				CLANG_WARN_COMMA = YES;
				CLANG_WARN_CONSTANT_CONVERSION = YES;
				CLANG_WARN_DEPRECATED_OBJC_IMPLEMENTATIONS = YES;
				CLANG_WARN_DIRECT_OBJC_ISA_USAGE = YES_ERROR;
				CLANG_WARN_DOCUMENTATION_COMMENTS = YES;
				CLANG_WARN_EMPTY_BODY = YES;
				CLANG_WARN_ENUM_CONVERSION = YES;
				CLANG_WARN_INFINITE_RECURSION = YES;
				CLANG_WARN_INT_CONVERSION = YES;
				CLANG_WARN_NON_LITERAL_NULL_CONVERSION = YES;
				CLANG_WARN_OBJC_IMPLICIT_RETAIN_SELF = YES;
				CLANG_WARN_OBJC_LITERAL_CONVERSION = YES;
				CLANG_WARN_OBJC_ROOT_CLASS = YES_ERROR;
				CLANG_WARN_RANGE_LOOP_ANALYSIS = YES;
				CLANG_WARN_STRICT_PROTOTYPES = YES;
				CLANG_WARN_SUSPICIOUS_MOVE = YES;
				CLANG_WARN_UNGUARDED_AVAILABILITY = YES_AGGRESSIVE;
				CLANG_WARN_UNREACHABLE_CODE = YES;
				CLANG_WARN__DUPLICATE_METHOD_MATCH = YES;
				COPY_PHASE_STRIP = NO;
				DEBUG_INFORMATION_FORMAT = dwarf;
				ENABLE_STRICT_OBJC_MSGSEND = YES;
				ENABLE_TESTABILITY = YES;
				GCC_C_LANGUAGE_STANDARD = gnu11;
				GCC_DYNAMIC_NO_PIC = NO;
				GCC_NO_COMMON_BLOCKS = YES;
				GCC_OPTIMIZATION_LEVEL = 0;
				GCC_PREPROCESSOR_DEFINITIONS = (
					"DEBUG=1",
					"$(inherited)",
				);
				GCC_WARN_64_TO_32_BIT_CONVERSION = YES;
				GCC_WARN_ABOUT_RETURN_TYPE = YES_ERROR;
				GCC_WARN_UNDECLARED_SELECTOR = YES;
				GCC_WARN_UNINITIALIZED_AUTOS = YES_AGGRESSIVE;
				GCC_WARN_UNUSED_FUNCTION = YES;
				GCC_WARN_UNUSED_VARIABLE = YES;
				IPHONEOS_DEPLOYMENT_TARGET = 13.2;
				MTL_ENABLE_DEBUG_INFO = INCLUDE_SOURCE;
				MTL_FAST_MATH = YES;
				ONLY_ACTIVE_ARCH = YES;
				SDKROOT = iphoneos;
				SWIFT_ACTIVE_COMPILATION_CONDITIONS = DEBUG;
				SWIFT_OPTIMIZATION_LEVEL = "-Onone";
			};
			name = Debug;
		};
		972B809C27BC514200552659 /* Release */ = {
			isa = XCBuildConfiguration;
			buildSettings = {
				ALWAYS_SEARCH_USER_PATHS = NO;
				CLANG_ANALYZER_NONNULL = YES;
				CLANG_ANALYZER_NUMBER_OBJECT_CONVERSION = YES_AGGRESSIVE;
				CLANG_CXX_LANGUAGE_STANDARD = "gnu++14";
				CLANG_CXX_LIBRARY = "libc++";
				CLANG_ENABLE_MODULES = YES;
				CLANG_ENABLE_OBJC_ARC = YES;
				CLANG_ENABLE_OBJC_WEAK = YES;
				CLANG_WARN_BLOCK_CAPTURE_AUTORELEASING = YES;
				CLANG_WARN_BOOL_CONVERSION = YES;
				CLANG_WARN_COMMA = YES;
				CLANG_WARN_CONSTANT_CONVERSION = YES;
				CLANG_WARN_DEPRECATED_OBJC_IMPLEMENTATIONS = YES;
				CLANG_WARN_DIRECT_OBJC_ISA_USAGE = YES_ERROR;
				CLANG_WARN_DOCUMENTATION_COMMENTS = YES;
				CLANG_WARN_EMPTY_BODY = YES;
				CLANG_WARN_ENUM_CONVERSION = YES;
				CLANG_WARN_INFINITE_RECURSION = YES;
				CLANG_WARN_INT_CONVERSION = YES;
				CLANG_WARN_NON_LITERAL_NULL_CONVERSION = YES;
				CLANG_WARN_OBJC_IMPLICIT_RETAIN_SELF = YES;
				CLANG_WARN_OBJC_LITERAL_CONVERSION = YES;
				CLANG_WARN_OBJC_ROOT_CLASS = YES_ERROR;
				CLANG_WARN_RANGE_LOOP_ANALYSIS = YES;
				CLANG_WARN_STRICT_PROTOTYPES = YES;
				CLANG_WARN_SUSPICIOUS_MOVE = YES;
				CLANG_WARN_UNGUARDED_AVAILABILITY = YES_AGGRESSIVE;
				CLANG_WARN_UNREACHABLE_CODE = YES;
				CLANG_WARN__DUPLICATE_METHOD_MATCH = YES;
				COPY_PHASE_STRIP = NO;
				DEBUG_INFORMATION_FORMAT = "dwarf-with-dsym";
				ENABLE_NS_ASSERTIONS = NO;
				ENABLE_STRICT_OBJC_MSGSEND = YES;
				GCC_C_LANGUAGE_STANDARD = gnu11;
				GCC_NO_COMMON_BLOCKS = YES;
				GCC_WARN_64_TO_32_BIT_CONVERSION = YES;
				GCC_WARN_ABOUT_RETURN_TYPE = YES_ERROR;
				GCC_WARN_UNDECLARED_SELECTOR = YES;
				GCC_WARN_UNINITIALIZED_AUTOS = YES_AGGRESSIVE;
				GCC_WARN_UNUSED_FUNCTION = YES;
				GCC_WARN_UNUSED_VARIABLE = YES;
				IPHONEOS_DEPLOYMENT_TARGET = 13.2;
				MTL_ENABLE_DEBUG_INFO = NO;
				MTL_FAST_MATH = YES;
				SDKROOT = iphoneos;
				SWIFT_COMPILATION_MODE = wholemodule;
				SWIFT_OPTIMIZATION_LEVEL = "-O";
				VALIDATE_PRODUCT = YES;
			};
			name = Release;
		};
		972B809E27BC514200552659 /* Debug */ = {
			isa = XCBuildConfiguration;
			buildSettings = {
				ASSETCATALOG_COMPILER_APPICON_NAME = AppIcon;
				CODE_SIGN_STYLE = Automatic;
				DEVELOPMENT_TEAM = T86H96868Q;
				INFOPLIST_FILE = Days28_DZ_table/Info.plist;
				LD_RUNPATH_SEARCH_PATHS = (
					"$(inherited)",
					"@executable_path/Frameworks",
				);
				PRODUCT_BUNDLE_IDENTIFIER = "com.my.Days28-DZ-table";
				PRODUCT_NAME = "$(TARGET_NAME)";
				SWIFT_VERSION = 5.0;
				TARGETED_DEVICE_FAMILY = "1,2";
			};
			name = Debug;
		};
		972B809F27BC514200552659 /* Release */ = {
			isa = XCBuildConfiguration;
			buildSettings = {
				ASSETCATALOG_COMPILER_APPICON_NAME = AppIcon;
				CODE_SIGN_STYLE = Automatic;
				DEVELOPMENT_TEAM = T86H96868Q;
				INFOPLIST_FILE = Days28_DZ_table/Info.plist;
				LD_RUNPATH_SEARCH_PATHS = (
					"$(inherited)",
					"@executable_path/Frameworks",
				);
				PRODUCT_BUNDLE_IDENTIFIER = "com.my.Days28-DZ-table";
				PRODUCT_NAME = "$(TARGET_NAME)";
				SWIFT_VERSION = 5.0;
				TARGETED_DEVICE_FAMILY = "1,2";
			};
			name = Release;
		};
		972B80A127BC514200552659 /* Debug */ = {
			isa = XCBuildConfiguration;
			buildSettings = {
				ALWAYS_EMBED_SWIFT_STANDARD_LIBRARIES = YES;
				BUNDLE_LOADER = "$(TEST_HOST)";
				CODE_SIGN_STYLE = Automatic;
				DEVELOPMENT_TEAM = T86H96868Q;
				INFOPLIST_FILE = Days28_DZ_tableTests/Info.plist;
				IPHONEOS_DEPLOYMENT_TARGET = 13.2;
				LD_RUNPATH_SEARCH_PATHS = (
					"$(inherited)",
					"@executable_path/Frameworks",
					"@loader_path/Frameworks",
				);
				PRODUCT_BUNDLE_IDENTIFIER = "com.my.Days28-DZ-tableTests";
				PRODUCT_NAME = "$(TARGET_NAME)";
				SWIFT_VERSION = 5.0;
				TARGETED_DEVICE_FAMILY = "1,2";
				TEST_HOST = "$(BUILT_PRODUCTS_DIR)/Days28_DZ_table.app/Days28_DZ_table";
			};
			name = Debug;
		};
		972B80A227BC514200552659 /* Release */ = {
			isa = XCBuildConfiguration;
			buildSettings = {
				ALWAYS_EMBED_SWIFT_STANDARD_LIBRARIES = YES;
				BUNDLE_LOADER = "$(TEST_HOST)";
				CODE_SIGN_STYLE = Automatic;
				DEVELOPMENT_TEAM = T86H96868Q;
				INFOPLIST_FILE = Days28_DZ_tableTests/Info.plist;
				IPHONEOS_DEPLOYMENT_TARGET = 13.2;
				LD_RUNPATH_SEARCH_PATHS = (
					"$(inherited)",
					"@executable_path/Frameworks",
					"@loader_path/Frameworks",
				);
				PRODUCT_BUNDLE_IDENTIFIER = "com.my.Days28-DZ-tableTests";
				PRODUCT_NAME = "$(TARGET_NAME)";
				SWIFT_VERSION = 5.0;
				TARGETED_DEVICE_FAMILY = "1,2";
				TEST_HOST = "$(BUILT_PRODUCTS_DIR)/Days28_DZ_table.app/Days28_DZ_table";
			};
			name = Release;
		};
		972B80A427BC514200552659 /* Debug */ = {
			isa = XCBuildConfiguration;
			buildSettings = {
				ALWAYS_EMBED_SWIFT_STANDARD_LIBRARIES = YES;
				CODE_SIGN_STYLE = Automatic;
				DEVELOPMENT_TEAM = T86H96868Q;
				INFOPLIST_FILE = Days28_DZ_tableUITests/Info.plist;
				LD_RUNPATH_SEARCH_PATHS = (
					"$(inherited)",
					"@executable_path/Frameworks",
					"@loader_path/Frameworks",
				);
				PRODUCT_BUNDLE_IDENTIFIER = "com.my.Days28-DZ-tableUITests";
				PRODUCT_NAME = "$(TARGET_NAME)";
				SWIFT_VERSION = 5.0;
				TARGETED_DEVICE_FAMILY = "1,2";
				TEST_TARGET_NAME = Days28_DZ_table;
			};
			name = Debug;
		};
		972B80A527BC514200552659 /* Release */ = {
			isa = XCBuildConfiguration;
			buildSettings = {
				ALWAYS_EMBED_SWIFT_STANDARD_LIBRARIES = YES;
				CODE_SIGN_STYLE = Automatic;
				DEVELOPMENT_TEAM = T86H96868Q;
				INFOPLIST_FILE = Days28_DZ_tableUITests/Info.plist;
				LD_RUNPATH_SEARCH_PATHS = (
					"$(inherited)",
					"@executable_path/Frameworks",
					"@loader_path/Frameworks",
				);
				PRODUCT_BUNDLE_IDENTIFIER = "com.my.Days28-DZ-tableUITests";
				PRODUCT_NAME = "$(TARGET_NAME)";
				SWIFT_VERSION = 5.0;
				TARGETED_DEVICE_FAMILY = "1,2";
				TEST_TARGET_NAME = Days28_DZ_table;
			};
			name = Release;
		};
/* End XCBuildConfiguration section */

/* Begin XCConfigurationList section */
		972B806E27BC514000552659 /* Build configuration list for PBXProject "Days28_DZ_table" */ = {
			isa = XCConfigurationList;
			buildConfigurations = (
				972B809B27BC514200552659 /* Debug */,
				972B809C27BC514200552659 /* Release */,
			);
			defaultConfigurationIsVisible = 0;
			defaultConfigurationName = Release;
		};
		972B809D27BC514200552659 /* Build configuration list for PBXNativeTarget "Days28_DZ_table" */ = {
			isa = XCConfigurationList;
			buildConfigurations = (
				972B809E27BC514200552659 /* Debug */,
				972B809F27BC514200552659 /* Release */,
			);
			defaultConfigurationIsVisible = 0;
			defaultConfigurationName = Release;
		};
		972B80A027BC514200552659 /* Build configuration list for PBXNativeTarget "Days28_DZ_tableTests" */ = {
			isa = XCConfigurationList;
			buildConfigurations = (
				972B80A127BC514200552659 /* Debug */,
				972B80A227BC514200552659 /* Release */,
			);
			defaultConfigurationIsVisible = 0;
			defaultConfigurationName = Release;
		};
		972B80A327BC514200552659 /* Build configuration list for PBXNativeTarget "Days28_DZ_tableUITests" */ = {
			isa = XCConfigurationList;
			buildConfigurations = (
				972B80A427BC514200552659 /* Debug */,
				972B80A527BC514200552659 /* Release */,
			);
			defaultConfigurationIsVisible = 0;
			defaultConfigurationName = Release;
		};
/* End XCConfigurationList section */
	};
	rootObject = 972B806B27BC514000552659 /* Project object */;
}
